# This file was autogenerated by Stack.
# You should not edit this file by hand.
# For more information, please see the documentation at:
#   https://docs.haskellstack.org/en/stable/lock_files

packages: []
snapshots:
- completed:
    size: 508765
    url: https://raw.githubusercontent.com/commercialhaskell/stackage-snapshots/master/nightly/2020/7/9.yaml
    sha256: b7d7a78a6eb58419c0332655eb21100430f1e983d1c7cfca00092943750bbad8
  original: nightly-2020-07-09
